
Microsoft Visual Studio Solution File, Format Version 12.00
# Visual Studio Version 16
VisualStudioVersion = 16.0.33027.164
MinimumVisualStudioVersion = 10.0.40219.1
Project("{9A19103F-16F7-4668-BE54-9A1E7A4F7556}") = "CardPickerFile", "CardPickerFile.csproj", "{61683B7B-2339-47E3-8FE0-1B081FA0FB0B}"
EndProject
Global
	GlobalSection(SolutionConfigurationPlatforms) = preSolution
		Debug|Any CPU = Debug|Any CPU
		Release|Any CPU = Release|Any CPU
	EndGlobalSection
	GlobalSection(ProjectConfigurationPlatforms) = postSolution
		{61683B7B-2339-47E3-8FE0-1B081FA0FB0B}.Debug|Any CPU.ActiveCfg = Debug|Any CPU
		{61683B7B-2339-47E3-8FE0-1B081FA0FB0B}.Debug|Any CPU.Build.0 = Debug|Any CPU
		{61683B7B-2339-47E3-8FE0-1B081FA0FB0B}.Release|Any CPU.ActiveCfg = Release|Any CPU
		{61683B7B-2339-47E3-8FE0-1B081FA0FB0B}.Release|Any CPU.Build.0 = Release|Any CPU
	EndGlobalSection
	GlobalSection(SolutionProperties) = preSolution
		HideSolutionNode = FALSE
	EndGlobalSection
	GlobalSection(ExtensibilityGlobals) = postSolution
		SolutionGuid = {8E9821DC-6A73-42C1-BEFE-D69B95208218}
	EndGlobalSection
EndGlobal
