
Microsoft Visual Studio Solution File, Format Version 12.00
# Visual Studio Version 16
VisualStudioVersion = 16.0.33027.164
MinimumVisualStudioVersion = 10.0.40219.1
Project("{FAE04EC0-301F-11D3-BF4B-00C04F79EFBC}") = "Form2_Calculator", "Form2_Calculator.csproj", "{4FEF50A7-8DA8-4463-B9DF-800C98443189}"
EndProject
Global
	GlobalSection(SolutionConfigurationPlatforms) = preSolution
		Debug|Any CPU = Debug|Any CPU
		Release|Any CPU = Release|Any CPU
	EndGlobalSection
	GlobalSection(ProjectConfigurationPlatforms) = postSolution
		{4FEF50A7-8DA8-4463-B9DF-800C98443189}.Debug|Any CPU.ActiveCfg = Debug|Any CPU
		{4FEF50A7-8DA8-4463-B9DF-800C98443189}.Debug|Any CPU.Build.0 = Debug|Any CPU
		{4FEF50A7-8DA8-4463-B9DF-800C98443189}.Release|Any CPU.ActiveCfg = Release|Any CPU
		{4FEF50A7-8DA8-4463-B9DF-800C98443189}.Release|Any CPU.Build.0 = Release|Any CPU
	EndGlobalSection
	GlobalSection(SolutionProperties) = preSolution
		HideSolutionNode = FALSE
	EndGlobalSection
	GlobalSection(ExtensibilityGlobals) = postSolution
		SolutionGuid = {8ADB32C7-2C66-437D-93B1-BE9EA7DFEC87}
	EndGlobalSection
EndGlobal
